
Microsoft Visual Studio Solution File, Format Version 12.00
# Visual Studio 15
VisualStudioVersion = 15.0.26124.0
MinimumVisualStudioVersion = 15.0.26124.0
Project("{2150E333-8FDC-42A3-9474-1A3956D46DE8}") = "src", "src", "{24E745B1-BF77-4699-BBC6-4D5977FC6F38}"
EndProject
Project("{9A19103F-16F7-4668-BE54-9A1E7A4F7556}") = "cft.Service", "src\cft.Service\cft.Service.csproj", "{BB1B3628-3AC4-4CA8-8A36-470228975FA6}"
EndProject
Project("{2150E333-8FDC-42A3-9474-1A3956D46DE8}") = "tests", "tests", "{B3B933BA-6EB4-4943-AEB3-4FE086CFAD0B}"
EndProject
Project("{9A19103F-16F7-4668-BE54-9A1E7A4F7556}") = "cft.Service.Tests", "tests\cft.Service.Tests\cft.Service.Tests.csproj", "{6A97B2ED-5D08-4625-96B6-AC7277723E84}"
EndProject
Project("{9A19103F-16F7-4668-BE54-9A1E7A4F7556}") = "cft.Application", "src\cft.Application\cft.Application.csproj", "{573E4108-0A4D-48A8-A535-FC47F260386D}"
EndProject
Project("{9A19103F-16F7-4668-BE54-9A1E7A4F7556}") = "cft.Application.Tests", "tests\cft.Application.Tests\cft.Application.Tests.csproj", "{DE16DE64-84E7-4776-837D-92461E604DBE}"
EndProject
Project("{2150E333-8FDC-42A3-9474-1A3956D46DE8}") = "MiddleWare", "MiddleWare", "{9F982B87-CFF4-4E1C-992B-B725FC162FAA}"
EndProject
Project("{9A19103F-16F7-4668-BE54-9A1E7A4F7556}") = "MiddleWare.Abstractions", "src\MiddleWare\MiddleWare.Abstractions\MiddleWare.Abstractions.csproj", "{4EFBFB7A-304D-4134-8854-6248534D7EE8}"
EndProject
Project("{2150E333-8FDC-42A3-9474-1A3956D46DE8}") = "Application", "Application", "{775FDE49-9460-4BCF-989B-594E7F318617}"
EndProject
Project("{2150E333-8FDC-42A3-9474-1A3956D46DE8}") = "MiddleWares", "MiddleWares", "{1F50134F-03DC-4782-AD0C-6B3D452A635A}"
EndProject
Project("{2150E333-8FDC-42A3-9474-1A3956D46DE8}") = "Transformations", "Transformations", "{8FAB0BBE-4A19-4051-AD52-BD9280A3D53E}"
EndProject
Project("{9A19103F-16F7-4668-BE54-9A1E7A4F7556}") = "CFT.MiddleWare.Transformations.XSLT", "src\Application\MiddleWares\Transformations\CFT.MiddleWare.Transformations.XSLT\CFT.MiddleWare.Transformations.XSLT.csproj", "{8365FC43-2C4F-4C8C-9807-CA42110433CF}"
EndProject
Project("{9A19103F-16F7-4668-BE54-9A1E7A4F7556}") = "CFT.MiddleWare.Base", "src\Application\Middlewares\CFT.MiddleWare.Base\CFT.MiddleWare.Base.csproj", "{433D3433-0168-4033-9611-3049C62EFBCA}"
EndProject
Project("{9A19103F-16F7-4668-BE54-9A1E7A4F7556}") = "CFT.Application.Abstractions", "src\Application\CFT.Application.Abstractions\CFT.Application.Abstractions.csproj", "{015AB5B4-9197-4062-9502-450180EEF038}"
EndProject
Project("{2150E333-8FDC-42A3-9474-1A3956D46DE8}") = "MiddleWare", "MiddleWare", "{4F2A65A2-8100-45FF-B566-F360D32110BF}"
EndProject
Project("{9A19103F-16F7-4668-BE54-9A1E7A4F7556}") = "MiddleWare.Abstractions.Tests", "tests\MiddleWare\MiddleWare.Abstractions.Tests\MiddleWare.Abstractions.Tests.csproj", "{004E8E94-25F6-4088-942A-78584B8CF4E6}"
EndProject
Project("{2150E333-8FDC-42A3-9474-1A3956D46DE8}") = "Hosting", "Hosting", "{BB333A2F-D59E-4648-9F4D-E16D261E6A0A}"
EndProject
Project("{9A19103F-16F7-4668-BE54-9A1E7A4F7556}") = "CFT.Hosting", "src\Hosting\CFT.Hosting\CFT.Hosting.csproj", "{78816066-29F7-4C78-B361-3293EEC40B71}"
EndProject
Project("{2150E333-8FDC-42A3-9474-1A3956D46DE8}") = "FileProvider", "FileProvider", "{211B524C-3405-4A1D-9423-1B345F07A6DE}"
EndProject
Project("{9A19103F-16F7-4668-BE54-9A1E7A4F7556}") = "CFT.FileProvider.SMB", "src\FileProvider\CFT.FileProvider.SMB\CFT.FileProvider.SMB.csproj", "{1DCF71EB-4687-4441-BE80-BF871A206D3C}"
EndProject
Project("{9A19103F-16F7-4668-BE54-9A1E7A4F7556}") = "CFT.FileProvider.Abstractions", "src\FileProvider\CFT.FileProvider.Abstractions\CFT.FileProvider.Abstractions.csproj", "{3DF5DCE4-040C-41E9-A5BF-21C7FE4FD2E0}"
EndProject
Project("{2150E333-8FDC-42A3-9474-1A3956D46DE8}") = "FileProvider", "FileProvider", "{A0096A9B-963C-4000-8AFE-584BF22A5F3B}"
EndProject
Project("{FAE04EC0-301F-11D3-BF4B-00C04F79EFBC}") = "CFT.FileProvider.SMB.Test", "tests\FileProvider\CFT.FileProvider.SMB.Test\CFT.FileProvider.SMB.Test.csproj", "{DFFDFF47-38F8-42F5-B066-8CFD164BB5C5}"
EndProject
Project("{FAE04EC0-301F-11D3-BF4B-00C04F79EFBC}") = "CFT.FileProvider.SMB.Benchmarks", "benchmarks\FileProvider\CFT.FileProvider.SMB.Benchmarks\CFT.FileProvider.SMB.Benchmarks.csproj", "{B77B2F06-E90E-42B6-BCD7-400CF6250643}"
EndProject
Project("{2150E333-8FDC-42A3-9474-1A3956D46DE8}") = "benchmarks", "benchmarks", "{D2A85FC6-F1F5-416E-80C1-2DE5AB18B1C2}"
EndProject
Project("{2150E333-8FDC-42A3-9474-1A3956D46DE8}") = "FileProvider", "FileProvider", "{AF7C1C65-6BC2-4960-B64D-F4758BB3909A}"
EndProject
Global
	GlobalSection(SolutionConfigurationPlatforms) = preSolution
		Debug|Any CPU = Debug|Any CPU
		Debug|x64 = Debug|x64
		Debug|x86 = Debug|x86
		Release|Any CPU = Release|Any CPU
		Release|x64 = Release|x64
		Release|x86 = Release|x86
	EndGlobalSection
	GlobalSection(ProjectConfigurationPlatforms) = postSolution
		{BB1B3628-3AC4-4CA8-8A36-470228975FA6}.Debug|Any CPU.ActiveCfg = Debug|Any CPU
		{BB1B3628-3AC4-4CA8-8A36-470228975FA6}.Debug|Any CPU.Build.0 = Debug|Any CPU
		{BB1B3628-3AC4-4CA8-8A36-470228975FA6}.Debug|x64.ActiveCfg = Debug|Any CPU
		{BB1B3628-3AC4-4CA8-8A36-470228975FA6}.Debug|x64.Build.0 = Debug|Any CPU
		{BB1B3628-3AC4-4CA8-8A36-470228975FA6}.Debug|x86.ActiveCfg = Debug|Any CPU
		{BB1B3628-3AC4-4CA8-8A36-470228975FA6}.Debug|x86.Build.0 = Debug|Any CPU
		{BB1B3628-3AC4-4CA8-8A36-470228975FA6}.Release|Any CPU.ActiveCfg = Release|Any CPU
		{BB1B3628-3AC4-4CA8-8A36-470228975FA6}.Release|Any CPU.Build.0 = Release|Any CPU
		{BB1B3628-3AC4-4CA8-8A36-470228975FA6}.Release|x64.ActiveCfg = Release|Any CPU
		{BB1B3628-3AC4-4CA8-8A36-470228975FA6}.Release|x64.Build.0 = Release|Any CPU
		{BB1B3628-3AC4-4CA8-8A36-470228975FA6}.Release|x86.ActiveCfg = Release|Any CPU
		{BB1B3628-3AC4-4CA8-8A36-470228975FA6}.Release|x86.Build.0 = Release|Any CPU
		{6A97B2ED-5D08-4625-96B6-AC7277723E84}.Debug|Any CPU.ActiveCfg = Debug|Any CPU
		{6A97B2ED-5D08-4625-96B6-AC7277723E84}.Debug|Any CPU.Build.0 = Debug|Any CPU
		{6A97B2ED-5D08-4625-96B6-AC7277723E84}.Debug|x64.ActiveCfg = Debug|Any CPU
		{6A97B2ED-5D08-4625-96B6-AC7277723E84}.Debug|x64.Build.0 = Debug|Any CPU
		{6A97B2ED-5D08-4625-96B6-AC7277723E84}.Debug|x86.ActiveCfg = Debug|Any CPU
		{6A97B2ED-5D08-4625-96B6-AC7277723E84}.Debug|x86.Build.0 = Debug|Any CPU
		{6A97B2ED-5D08-4625-96B6-AC7277723E84}.Release|Any CPU.ActiveCfg = Release|Any CPU
		{6A97B2ED-5D08-4625-96B6-AC7277723E84}.Release|Any CPU.Build.0 = Release|Any CPU
		{6A97B2ED-5D08-4625-96B6-AC7277723E84}.Release|x64.ActiveCfg = Release|Any CPU
		{6A97B2ED-5D08-4625-96B6-AC7277723E84}.Release|x64.Build.0 = Release|Any CPU
		{6A97B2ED-5D08-4625-96B6-AC7277723E84}.Release|x86.ActiveCfg = Release|Any CPU
		{6A97B2ED-5D08-4625-96B6-AC7277723E84}.Release|x86.Build.0 = Release|Any CPU
		{573E4108-0A4D-48A8-A535-FC47F260386D}.Debug|Any CPU.ActiveCfg = Debug|Any CPU
		{573E4108-0A4D-48A8-A535-FC47F260386D}.Debug|Any CPU.Build.0 = Debug|Any CPU
		{573E4108-0A4D-48A8-A535-FC47F260386D}.Debug|x64.ActiveCfg = Debug|Any CPU
		{573E4108-0A4D-48A8-A535-FC47F260386D}.Debug|x64.Build.0 = Debug|Any CPU
		{573E4108-0A4D-48A8-A535-FC47F260386D}.Debug|x86.ActiveCfg = Debug|Any CPU
		{573E4108-0A4D-48A8-A535-FC47F260386D}.Debug|x86.Build.0 = Debug|Any CPU
		{573E4108-0A4D-48A8-A535-FC47F260386D}.Release|Any CPU.ActiveCfg = Release|Any CPU
		{573E4108-0A4D-48A8-A535-FC47F260386D}.Release|Any CPU.Build.0 = Release|Any CPU
		{573E4108-0A4D-48A8-A535-FC47F260386D}.Release|x64.ActiveCfg = Release|Any CPU
		{573E4108-0A4D-48A8-A535-FC47F260386D}.Release|x64.Build.0 = Release|Any CPU
		{573E4108-0A4D-48A8-A535-FC47F260386D}.Release|x86.ActiveCfg = Release|Any CPU
		{573E4108-0A4D-48A8-A535-FC47F260386D}.Release|x86.Build.0 = Release|Any CPU
		{DE16DE64-84E7-4776-837D-92461E604DBE}.Debug|Any CPU.ActiveCfg = Debug|Any CPU
		{DE16DE64-84E7-4776-837D-92461E604DBE}.Debug|Any CPU.Build.0 = Debug|Any CPU
		{DE16DE64-84E7-4776-837D-92461E604DBE}.Debug|x64.ActiveCfg = Debug|Any CPU
		{DE16DE64-84E7-4776-837D-92461E604DBE}.Debug|x64.Build.0 = Debug|Any CPU
		{DE16DE64-84E7-4776-837D-92461E604DBE}.Debug|x86.ActiveCfg = Debug|Any CPU
		{DE16DE64-84E7-4776-837D-92461E604DBE}.Debug|x86.Build.0 = Debug|Any CPU
		{DE16DE64-84E7-4776-837D-92461E604DBE}.Release|Any CPU.ActiveCfg = Release|Any CPU
		{DE16DE64-84E7-4776-837D-92461E604DBE}.Release|Any CPU.Build.0 = Release|Any CPU
		{DE16DE64-84E7-4776-837D-92461E604DBE}.Release|x64.ActiveCfg = Release|Any CPU
		{DE16DE64-84E7-4776-837D-92461E604DBE}.Release|x64.Build.0 = Release|Any CPU
		{DE16DE64-84E7-4776-837D-92461E604DBE}.Release|x86.ActiveCfg = Release|Any CPU
		{DE16DE64-84E7-4776-837D-92461E604DBE}.Release|x86.Build.0 = Release|Any CPU
		{4EFBFB7A-304D-4134-8854-6248534D7EE8}.Debug|Any CPU.ActiveCfg = Debug|Any CPU
		{4EFBFB7A-304D-4134-8854-6248534D7EE8}.Debug|Any CPU.Build.0 = Debug|Any CPU
		{4EFBFB7A-304D-4134-8854-6248534D7EE8}.Debug|x64.ActiveCfg = Debug|Any CPU
		{4EFBFB7A-304D-4134-8854-6248534D7EE8}.Debug|x64.Build.0 = Debug|Any CPU
		{4EFBFB7A-304D-4134-8854-6248534D7EE8}.Debug|x86.ActiveCfg = Debug|Any CPU
		{4EFBFB7A-304D-4134-8854-6248534D7EE8}.Debug|x86.Build.0 = Debug|Any CPU
		{4EFBFB7A-304D-4134-8854-6248534D7EE8}.Release|Any CPU.ActiveCfg = Release|Any CPU
		{4EFBFB7A-304D-4134-8854-6248534D7EE8}.Release|Any CPU.Build.0 = Release|Any CPU
		{4EFBFB7A-304D-4134-8854-6248534D7EE8}.Release|x64.ActiveCfg = Release|Any CPU
		{4EFBFB7A-304D-4134-8854-6248534D7EE8}.Release|x64.Build.0 = Release|Any CPU
		{4EFBFB7A-304D-4134-8854-6248534D7EE8}.Release|x86.ActiveCfg = Release|Any CPU
		{4EFBFB7A-304D-4134-8854-6248534D7EE8}.Release|x86.Build.0 = Release|Any CPU
		{8365FC43-2C4F-4C8C-9807-CA42110433CF}.Debug|Any CPU.ActiveCfg = Debug|Any CPU
		{8365FC43-2C4F-4C8C-9807-CA42110433CF}.Debug|Any CPU.Build.0 = Debug|Any CPU
		{8365FC43-2C4F-4C8C-9807-CA42110433CF}.Debug|x64.ActiveCfg = Debug|Any CPU
		{8365FC43-2C4F-4C8C-9807-CA42110433CF}.Debug|x64.Build.0 = Debug|Any CPU
		{8365FC43-2C4F-4C8C-9807-CA42110433CF}.Debug|x86.ActiveCfg = Debug|Any CPU
		{8365FC43-2C4F-4C8C-9807-CA42110433CF}.Debug|x86.Build.0 = Debug|Any CPU
		{8365FC43-2C4F-4C8C-9807-CA42110433CF}.Release|Any CPU.ActiveCfg = Release|Any CPU
		{8365FC43-2C4F-4C8C-9807-CA42110433CF}.Release|Any CPU.Build.0 = Release|Any CPU
		{8365FC43-2C4F-4C8C-9807-CA42110433CF}.Release|x64.ActiveCfg = Release|Any CPU
		{8365FC43-2C4F-4C8C-9807-CA42110433CF}.Release|x64.Build.0 = Release|Any CPU
		{8365FC43-2C4F-4C8C-9807-CA42110433CF}.Release|x86.ActiveCfg = Release|Any CPU
		{8365FC43-2C4F-4C8C-9807-CA42110433CF}.Release|x86.Build.0 = Release|Any CPU
		{433D3433-0168-4033-9611-3049C62EFBCA}.Debug|Any CPU.ActiveCfg = Debug|Any CPU
		{433D3433-0168-4033-9611-3049C62EFBCA}.Debug|Any CPU.Build.0 = Debug|Any CPU
		{433D3433-0168-4033-9611-3049C62EFBCA}.Debug|x64.ActiveCfg = Debug|Any CPU
		{433D3433-0168-4033-9611-3049C62EFBCA}.Debug|x64.Build.0 = Debug|Any CPU
		{433D3433-0168-4033-9611-3049C62EFBCA}.Debug|x86.ActiveCfg = Debug|Any CPU
		{433D3433-0168-4033-9611-3049C62EFBCA}.Debug|x86.Build.0 = Debug|Any CPU
		{433D3433-0168-4033-9611-3049C62EFBCA}.Release|Any CPU.ActiveCfg = Release|Any CPU
		{433D3433-0168-4033-9611-3049C62EFBCA}.Release|Any CPU.Build.0 = Release|Any CPU
		{433D3433-0168-4033-9611-3049C62EFBCA}.Release|x64.ActiveCfg = Release|Any CPU
		{433D3433-0168-4033-9611-3049C62EFBCA}.Release|x64.Build.0 = Release|Any CPU
		{433D3433-0168-4033-9611-3049C62EFBCA}.Release|x86.ActiveCfg = Release|Any CPU
		{433D3433-0168-4033-9611-3049C62EFBCA}.Release|x86.Build.0 = Release|Any CPU
		{015AB5B4-9197-4062-9502-450180EEF038}.Debug|Any CPU.ActiveCfg = Debug|Any CPU
		{015AB5B4-9197-4062-9502-450180EEF038}.Debug|Any CPU.Build.0 = Debug|Any CPU
		{015AB5B4-9197-4062-9502-450180EEF038}.Debug|x64.ActiveCfg = Debug|Any CPU
		{015AB5B4-9197-4062-9502-450180EEF038}.Debug|x64.Build.0 = Debug|Any CPU
		{015AB5B4-9197-4062-9502-450180EEF038}.Debug|x86.ActiveCfg = Debug|Any CPU
		{015AB5B4-9197-4062-9502-450180EEF038}.Debug|x86.Build.0 = Debug|Any CPU
		{015AB5B4-9197-4062-9502-450180EEF038}.Release|Any CPU.ActiveCfg = Release|Any CPU
		{015AB5B4-9197-4062-9502-450180EEF038}.Release|Any CPU.Build.0 = Release|Any CPU
		{015AB5B4-9197-4062-9502-450180EEF038}.Release|x64.ActiveCfg = Release|Any CPU
		{015AB5B4-9197-4062-9502-450180EEF038}.Release|x64.Build.0 = Release|Any CPU
		{015AB5B4-9197-4062-9502-450180EEF038}.Release|x86.ActiveCfg = Release|Any CPU
		{015AB5B4-9197-4062-9502-450180EEF038}.Release|x86.Build.0 = Release|Any CPU
		{004E8E94-25F6-4088-942A-78584B8CF4E6}.Debug|Any CPU.ActiveCfg = Debug|Any CPU
		{004E8E94-25F6-4088-942A-78584B8CF4E6}.Debug|Any CPU.Build.0 = Debug|Any CPU
		{004E8E94-25F6-4088-942A-78584B8CF4E6}.Debug|x64.ActiveCfg = Debug|Any CPU
		{004E8E94-25F6-4088-942A-78584B8CF4E6}.Debug|x64.Build.0 = Debug|Any CPU
		{004E8E94-25F6-4088-942A-78584B8CF4E6}.Debug|x86.ActiveCfg = Debug|Any CPU
		{004E8E94-25F6-4088-942A-78584B8CF4E6}.Debug|x86.Build.0 = Debug|Any CPU
		{004E8E94-25F6-4088-942A-78584B8CF4E6}.Release|Any CPU.ActiveCfg = Release|Any CPU
		{004E8E94-25F6-4088-942A-78584B8CF4E6}.Release|Any CPU.Build.0 = Release|Any CPU
		{004E8E94-25F6-4088-942A-78584B8CF4E6}.Release|x64.ActiveCfg = Release|Any CPU
		{004E8E94-25F6-4088-942A-78584B8CF4E6}.Release|x64.Build.0 = Release|Any CPU
		{004E8E94-25F6-4088-942A-78584B8CF4E6}.Release|x86.ActiveCfg = Release|Any CPU
		{004E8E94-25F6-4088-942A-78584B8CF4E6}.Release|x86.Build.0 = Release|Any CPU
		{78816066-29F7-4C78-B361-3293EEC40B71}.Debug|Any CPU.ActiveCfg = Debug|Any CPU
		{78816066-29F7-4C78-B361-3293EEC40B71}.Debug|Any CPU.Build.0 = Debug|Any CPU
		{78816066-29F7-4C78-B361-3293EEC40B71}.Debug|x64.ActiveCfg = Debug|Any CPU
		{78816066-29F7-4C78-B361-3293EEC40B71}.Debug|x64.Build.0 = Debug|Any CPU
		{78816066-29F7-4C78-B361-3293EEC40B71}.Debug|x86.ActiveCfg = Debug|Any CPU
		{78816066-29F7-4C78-B361-3293EEC40B71}.Debug|x86.Build.0 = Debug|Any CPU
		{78816066-29F7-4C78-B361-3293EEC40B71}.Release|Any CPU.ActiveCfg = Release|Any CPU
		{78816066-29F7-4C78-B361-3293EEC40B71}.Release|Any CPU.Build.0 = Release|Any CPU
		{78816066-29F7-4C78-B361-3293EEC40B71}.Release|x64.ActiveCfg = Release|Any CPU
		{78816066-29F7-4C78-B361-3293EEC40B71}.Release|x64.Build.0 = Release|Any CPU
		{78816066-29F7-4C78-B361-3293EEC40B71}.Release|x86.ActiveCfg = Release|Any CPU
		{78816066-29F7-4C78-B361-3293EEC40B71}.Release|x86.Build.0 = Release|Any CPU
		{1DCF71EB-4687-4441-BE80-BF871A206D3C}.Debug|Any CPU.ActiveCfg = Debug|Any CPU
		{1DCF71EB-4687-4441-BE80-BF871A206D3C}.Debug|Any CPU.Build.0 = Debug|Any CPU
		{1DCF71EB-4687-4441-BE80-BF871A206D3C}.Debug|x64.ActiveCfg = Debug|Any CPU
		{1DCF71EB-4687-4441-BE80-BF871A206D3C}.Debug|x64.Build.0 = Debug|Any CPU
		{1DCF71EB-4687-4441-BE80-BF871A206D3C}.Debug|x86.ActiveCfg = Debug|Any CPU
		{1DCF71EB-4687-4441-BE80-BF871A206D3C}.Debug|x86.Build.0 = Debug|Any CPU
		{1DCF71EB-4687-4441-BE80-BF871A206D3C}.Release|Any CPU.ActiveCfg = Release|Any CPU
		{1DCF71EB-4687-4441-BE80-BF871A206D3C}.Release|Any CPU.Build.0 = Release|Any CPU
		{1DCF71EB-4687-4441-BE80-BF871A206D3C}.Release|x64.ActiveCfg = Release|Any CPU
		{1DCF71EB-4687-4441-BE80-BF871A206D3C}.Release|x64.Build.0 = Release|Any CPU
		{1DCF71EB-4687-4441-BE80-BF871A206D3C}.Release|x86.ActiveCfg = Release|Any CPU
		{1DCF71EB-4687-4441-BE80-BF871A206D3C}.Release|x86.Build.0 = Release|Any CPU
		{3DF5DCE4-040C-41E9-A5BF-21C7FE4FD2E0}.Debug|Any CPU.ActiveCfg = Debug|Any CPU
		{3DF5DCE4-040C-41E9-A5BF-21C7FE4FD2E0}.Debug|Any CPU.Build.0 = Debug|Any CPU
		{3DF5DCE4-040C-41E9-A5BF-21C7FE4FD2E0}.Debug|x64.ActiveCfg = Debug|Any CPU
		{3DF5DCE4-040C-41E9-A5BF-21C7FE4FD2E0}.Debug|x64.Build.0 = Debug|Any CPU
		{3DF5DCE4-040C-41E9-A5BF-21C7FE4FD2E0}.Debug|x86.ActiveCfg = Debug|Any CPU
		{3DF5DCE4-040C-41E9-A5BF-21C7FE4FD2E0}.Debug|x86.Build.0 = Debug|Any CPU
		{3DF5DCE4-040C-41E9-A5BF-21C7FE4FD2E0}.Release|Any CPU.ActiveCfg = Release|Any CPU
		{3DF5DCE4-040C-41E9-A5BF-21C7FE4FD2E0}.Release|Any CPU.Build.0 = Release|Any CPU
		{3DF5DCE4-040C-41E9-A5BF-21C7FE4FD2E0}.Release|x64.ActiveCfg = Release|Any CPU
		{3DF5DCE4-040C-41E9-A5BF-21C7FE4FD2E0}.Release|x64.Build.0 = Release|Any CPU
		{3DF5DCE4-040C-41E9-A5BF-21C7FE4FD2E0}.Release|x86.ActiveCfg = Release|Any CPU
		{3DF5DCE4-040C-41E9-A5BF-21C7FE4FD2E0}.Release|x86.Build.0 = Release|Any CPU
		{DFFDFF47-38F8-42F5-B066-8CFD164BB5C5}.Debug|Any CPU.ActiveCfg = Debug|Any CPU
		{DFFDFF47-38F8-42F5-B066-8CFD164BB5C5}.Debug|Any CPU.Build.0 = Debug|Any CPU
		{DFFDFF47-38F8-42F5-B066-8CFD164BB5C5}.Debug|x64.ActiveCfg = Debug|Any CPU
		{DFFDFF47-38F8-42F5-B066-8CFD164BB5C5}.Debug|x64.Build.0 = Debug|Any CPU
		{DFFDFF47-38F8-42F5-B066-8CFD164BB5C5}.Debug|x86.ActiveCfg = Debug|Any CPU
		{DFFDFF47-38F8-42F5-B066-8CFD164BB5C5}.Debug|x86.Build.0 = Debug|Any CPU
		{DFFDFF47-38F8-42F5-B066-8CFD164BB5C5}.Release|Any CPU.ActiveCfg = Release|Any CPU
		{DFFDFF47-38F8-42F5-B066-8CFD164BB5C5}.Release|Any CPU.Build.0 = Release|Any CPU
		{DFFDFF47-38F8-42F5-B066-8CFD164BB5C5}.Release|x64.ActiveCfg = Release|Any CPU
		{DFFDFF47-38F8-42F5-B066-8CFD164BB5C5}.Release|x64.Build.0 = Release|Any CPU
		{DFFDFF47-38F8-42F5-B066-8CFD164BB5C5}.Release|x86.ActiveCfg = Release|Any CPU
		{DFFDFF47-38F8-42F5-B066-8CFD164BB5C5}.Release|x86.Build.0 = Release|Any CPU
		{B77B2F06-E90E-42B6-BCD7-400CF6250643}.Debug|Any CPU.ActiveCfg = Debug|Any CPU
		{B77B2F06-E90E-42B6-BCD7-400CF6250643}.Debug|Any CPU.Build.0 = Debug|Any CPU
		{B77B2F06-E90E-42B6-BCD7-400CF6250643}.Debug|x64.ActiveCfg = Debug|Any CPU
		{B77B2F06-E90E-42B6-BCD7-400CF6250643}.Debug|x64.Build.0 = Debug|Any CPU
		{B77B2F06-E90E-42B6-BCD7-400CF6250643}.Debug|x86.ActiveCfg = Debug|Any CPU
		{B77B2F06-E90E-42B6-BCD7-400CF6250643}.Debug|x86.Build.0 = Debug|Any CPU
		{B77B2F06-E90E-42B6-BCD7-400CF6250643}.Release|Any CPU.ActiveCfg = Release|Any CPU
		{B77B2F06-E90E-42B6-BCD7-400CF6250643}.Release|Any CPU.Build.0 = Release|Any CPU
		{B77B2F06-E90E-42B6-BCD7-400CF6250643}.Release|x64.ActiveCfg = Release|Any CPU
		{B77B2F06-E90E-42B6-BCD7-400CF6250643}.Release|x64.Build.0 = Release|Any CPU
		{B77B2F06-E90E-42B6-BCD7-400CF6250643}.Release|x86.ActiveCfg = Release|Any CPU
		{B77B2F06-E90E-42B6-BCD7-400CF6250643}.Release|x86.Build.0 = Release|Any CPU
	EndGlobalSection
	GlobalSection(SolutionProperties) = preSolution
		HideSolutionNode = FALSE
	EndGlobalSection
	GlobalSection(NestedProjects) = preSolution
		{BB1B3628-3AC4-4CA8-8A36-470228975FA6} = {24E745B1-BF77-4699-BBC6-4D5977FC6F38}
		{6A97B2ED-5D08-4625-96B6-AC7277723E84} = {B3B933BA-6EB4-4943-AEB3-4FE086CFAD0B}
		{573E4108-0A4D-48A8-A535-FC47F260386D} = {24E745B1-BF77-4699-BBC6-4D5977FC6F38}
		{DE16DE64-84E7-4776-837D-92461E604DBE} = {B3B933BA-6EB4-4943-AEB3-4FE086CFAD0B}
		{9F982B87-CFF4-4E1C-992B-B725FC162FAA} = {24E745B1-BF77-4699-BBC6-4D5977FC6F38}
		{4EFBFB7A-304D-4134-8854-6248534D7EE8} = {9F982B87-CFF4-4E1C-992B-B725FC162FAA}
		{775FDE49-9460-4BCF-989B-594E7F318617} = {24E745B1-BF77-4699-BBC6-4D5977FC6F38}
		{1F50134F-03DC-4782-AD0C-6B3D452A635A} = {775FDE49-9460-4BCF-989B-594E7F318617}
		{8FAB0BBE-4A19-4051-AD52-BD9280A3D53E} = {1F50134F-03DC-4782-AD0C-6B3D452A635A}
		{8365FC43-2C4F-4C8C-9807-CA42110433CF} = {8FAB0BBE-4A19-4051-AD52-BD9280A3D53E}
		{433D3433-0168-4033-9611-3049C62EFBCA} = {1F50134F-03DC-4782-AD0C-6B3D452A635A}
		{015AB5B4-9197-4062-9502-450180EEF038} = {775FDE49-9460-4BCF-989B-594E7F318617}
		{4F2A65A2-8100-45FF-B566-F360D32110BF} = {B3B933BA-6EB4-4943-AEB3-4FE086CFAD0B}
		{004E8E94-25F6-4088-942A-78584B8CF4E6} = {4F2A65A2-8100-45FF-B566-F360D32110BF}
		{BB333A2F-D59E-4648-9F4D-E16D261E6A0A} = {24E745B1-BF77-4699-BBC6-4D5977FC6F38}
		{78816066-29F7-4C78-B361-3293EEC40B71} = {BB333A2F-D59E-4648-9F4D-E16D261E6A0A}
		{211B524C-3405-4A1D-9423-1B345F07A6DE} = {24E745B1-BF77-4699-BBC6-4D5977FC6F38}
		{1DCF71EB-4687-4441-BE80-BF871A206D3C} = {211B524C-3405-4A1D-9423-1B345F07A6DE}
		{3DF5DCE4-040C-41E9-A5BF-21C7FE4FD2E0} = {211B524C-3405-4A1D-9423-1B345F07A6DE}
		{A0096A9B-963C-4000-8AFE-584BF22A5F3B} = {B3B933BA-6EB4-4943-AEB3-4FE086CFAD0B}
		{DFFDFF47-38F8-42F5-B066-8CFD164BB5C5} = {A0096A9B-963C-4000-8AFE-584BF22A5F3B}
		{B77B2F06-E90E-42B6-BCD7-400CF6250643} = {AF7C1C65-6BC2-4960-B64D-F4758BB3909A}
		{AF7C1C65-6BC2-4960-B64D-F4758BB3909A} = {D2A85FC6-F1F5-416E-80C1-2DE5AB18B1C2}
	EndGlobalSection
	GlobalSection(ExtensibilityGlobals) = postSolution
		SolutionGuid = {58E23701-55B0-47D7-B73B-4104C306CA9D}
	EndGlobalSection
EndGlobal
